
Microsoft Visual Studio Solution File, Format Version 12.00
# Visual Studio Version 16
VisualStudioVersion = 16.0.31729.503
MinimumVisualStudioVersion = 10.0.40219.1
Project("{FAE04EC0-301F-11D3-BF4B-00C04F79EFBC}") = "ogrencipanelii", "ogrencipanelii\ogrencipanelii.csproj", "{5275C2F4-3B40-4DD9-9CDE-C427008D2B9B}"
EndProject
Global
	GlobalSection(SolutionConfigurationPlatforms) = preSolution
		Debug|Any CPU = Debug|Any CPU
		Release|Any CPU = Release|Any CPU
	EndGlobalSection
	GlobalSection(ProjectConfigurationPlatforms) = postSolution
		{5275C2F4-3B40-4DD9-9CDE-C427008D2B9B}.Debug|Any CPU.ActiveCfg = Debug|Any CPU
		{5275C2F4-3B40-4DD9-9CDE-C427008D2B9B}.Debug|Any CPU.Build.0 = Debug|Any CPU
		{5275C2F4-3B40-4DD9-9CDE-C427008D2B9B}.Release|Any CPU.ActiveCfg = Release|Any CPU
		{5275C2F4-3B40-4DD9-9CDE-C427008D2B9B}.Release|Any CPU.Build.0 = Release|Any CPU
	EndGlobalSection
	GlobalSection(SolutionProperties) = preSolution
		HideSolutionNode = FALSE
	EndGlobalSection
	GlobalSection(ExtensibilityGlobals) = postSolution
		SolutionGuid = {B5455A30-F759-4F92-AB93-052C8C01FAFD}
	EndGlobalSection
EndGlobal
